{
  "name": "gatsby-starter-default",
  "version": "0.1.0",
  "lockfileVersion": 1,
  "requires": true,
  "dependencies": {
    "@babel/runtime": {
      "version": "7.10.4",
      "resolved": "https://registry.npmjs.org/@babel/runtime/-/runtime-7.10.4.tgz",
      "integrity": "sha512-UpTN5yUJr9b4EX2CnGNWIvER7Ab83ibv0pcvvHc4UOdrBI5jb8bj+32cCwPX6xu0mt2daFNjYhoi+X7beH0RSw==",
      "requires": {
        "regenerator-runtime": "^0.13.4"
      }
    },
    "@formatjs/intl-displaynames": {
      "version": "1.2.10",
      "resolved": "https://registry.npmjs.org/@formatjs/intl-displaynames/-/intl-displaynames-1.2.10.tgz",
      "integrity": "sha512-GROA2RP6+7Ouu0WnHFF78O5XIU7pBfI19WM1qm93l6MFWibUk67nCfVCK3VAYJkLy8L8ZxjkYT11VIAfvSz8wg==",
      "requires": {
        "@formatjs/intl-utils": "^2.3.0"
      }
    },
    "@formatjs/intl-listformat": {
      "version": "1.4.8",
      "resolved": "https://registry.npmjs.org/@formatjs/intl-listformat/-/intl-listformat-1.4.8.tgz",
      "integrity": "sha512-WNMQlEg0e50VZrGIkgD5n7+DAMGt3boKi1GJALfhFMymslJb5i+5WzWxyj/3a929Z6MAFsmzRIJjKuv+BxKAOQ==",
      "requires": {
        "@formatjs/intl-utils": "^2.3.0"
      }
    },
    "@formatjs/intl-pluralrules": {
      "version": "1.5.9",
      "resolved": "https://registry.npmjs.org/@formatjs/intl-pluralrules/-/intl-pluralrules-1.5.9.tgz",
      "integrity": "sha512-37E1ZG+Oqo3qrpUfumzNcFTV+V+NCExmTkkQ9Zw4FSlvJ4WhbbeYdieVapUVz9M0cLy8XrhCkfuM/Kn03iKReg==",
      "requires": {
        "@formatjs/intl-utils": "^2.3.0"
      }
    },
    "@formatjs/intl-relativetimeformat": {
      "version": "4.5.16",
      "resolved": "https://registry.npmjs.org/@formatjs/intl-relativetimeformat/-/intl-relativetimeformat-4.5.16.tgz",
      "integrity": "sha512-IQ0haY97oHAH5OYUdykNiepdyEWj3SAT+Fp9ZpR85ov2JNiFx+12WWlxlVS8ehdyncC2ZMt/SwFIy2huK2+6/A==",
      "requires": {
        "@formatjs/intl-utils": "^2.3.0"
      }
    },
    "@formatjs/intl-unified-numberformat": {
      "version": "3.3.7",
      "resolved": "https://registry.npmjs.org/@formatjs/intl-unified-numberformat/-/intl-unified-numberformat-3.3.7.tgz",
      "integrity": "sha512-KnWgLRHzCAgT9eyt3OS34RHoyD7dPDYhRcuKn+/6Kv2knDF8Im43J6vlSW6Hm1w63fNq3ZIT1cFk7RuVO3Psag==",
      "requires": {
        "@formatjs/intl-utils": "^2.3.0"
      }
    },
    "@formatjs/intl-utils": {
      "version": "2.3.0",
      "resolved": "https://registry.npmjs.org/@formatjs/intl-utils/-/intl-utils-2.3.0.tgz",
      "integrity": "sha512-KWk80UPIzPmUg+P0rKh6TqspRw0G6eux1PuJr+zz47ftMaZ9QDwbGzHZbtzWkl5hgayM/qrKRutllRC7D/vVXQ=="
    },
    "@types/hoist-non-react-statics": {
      "version": "3.3.1",
      "resolved": "https://registry.npmjs.org/@types/hoist-non-react-statics/-/hoist-non-react-statics-3.3.1.tgz",
      "integrity": "sha512-iMIqiko6ooLrTh1joXodJK5X9xeEALT1kM5G3ZLhD3hszxBdIEd5C75U834D9mLcINgD4OyZf5uQXjkuYydWvA==",
      "requires": {
        "@types/react": "*",
        "hoist-non-react-statics": "^3.3.0"
      }
    },
    "@types/invariant": {
      "version": "2.2.33",
      "resolved": "https://registry.npmjs.org/@types/invariant/-/invariant-2.2.33.tgz",
      "integrity": "sha512-/jUNmS8d4bCKdqslfxW6dg/9Gksfzxz67IYfqApHn+HvHlMVXwYv2zpTDnS/yaK9BB0i0GlBTaYci0EFE62Hmw=="
    },
    "@types/prop-types": {
      "version": "15.7.3",
      "resolved": "https://registry.npmjs.org/@types/prop-types/-/prop-types-15.7.3.tgz",
      "integrity": "sha512-KfRL3PuHmqQLOG+2tGpRO26Ctg+Cq1E01D2DMriKEATHgWLfeNDmq9e29Q9WIky0dQ3NPkd1mzYH8Lm936Z9qw=="
    },
    "@types/react": {
      "version": "16.9.41",
      "resolved": "https://registry.npmjs.org/@types/react/-/react-16.9.41.tgz",
      "integrity": "sha512-6cFei7F7L4wwuM+IND/Q2cV1koQUvJ8iSV+Gwn0c3kvABZ691g7sp3hfEQHOUBJtccl1gPi+EyNjMIl9nGA0ug==",
      "requires": {
        "@types/prop-types": "*",
        "csstype": "^2.2.0"
      }
    },
    "browser-lang": {
      "version": "0.1.0",
      "resolved": "https://registry.npmjs.org/browser-lang/-/browser-lang-0.1.0.tgz",
      "integrity": "sha512-p4mdcU9fIsoDtbAVorKtxo5H86mK040MYn96yshyhfN3OF0iySuITgR8IxldI72MJAultMnwqDgwfWWwjUrSsw=="
    },
    "csstype": {
      "version": "2.6.11",
      "resolved": "https://registry.npmjs.org/csstype/-/csstype-2.6.11.tgz",
      "integrity": "sha512-l8YyEC9NBkSm783PFTvh0FmJy7s5pFKrDp49ZL7zBGX3fWkO+N4EEyan1qqp8cwPLDcD0OSdyY6hAMoxp34JFw=="
    },
    "gatsby-plugin-intl": {
      "version": "0.3.3",
      "resolved": "https://registry.npmjs.org/gatsby-plugin-intl/-/gatsby-plugin-intl-0.3.3.tgz",
      "integrity": "sha512-VPugNJv3GDkT6RcOBfncZPw3Eqh98RyvChsXfX7VuMQ8mBVoNB6XyNSIiEGG/atxFrpSp/r3WUKpnzpLLpY5dg==",
      "requires": {
        "@babel/runtime": "^7.8.4",
        "@formatjs/intl-pluralrules": "^1.5.2",
        "@formatjs/intl-relativetimeformat": "^4.5.9",
        "browser-lang": "^0.1.0",
        "intl": "^1.2.5",
        "react-intl": "^3.12.0"
      }
    },
    "hoist-non-react-statics": {
      "version": "3.3.2",
      "resolved": "https://registry.npmjs.org/hoist-non-react-statics/-/hoist-non-react-statics-3.3.2.tgz",
      "integrity": "sha512-/gGivxi8JPKWNm/W0jSmzcMPpfpPLc3dY/6GxhX2hQ9iGj3aDfklV4ET7NjKpSinLpJ5vafa9iiGIEZg10SfBw==",
      "requires": {
        "react-is": "^16.7.0"
      }
    },
    "intl": {
      "version": "1.2.5",
      "resolved": "https://registry.npmjs.org/intl/-/intl-1.2.5.tgz",
      "integrity": "sha1-giRKIZDE5Bn4Nx9ao02qNCDiq94="
    },
    "intl-format-cache": {
      "version": "4.2.46",
      "resolved": "https://registry.npmjs.org/intl-format-cache/-/intl-format-cache-4.2.46.tgz",
      "integrity": "sha512-J8Rkun92yCQEnQDia2yO5o8SY82CzhxLx2G0ocbOysP93ZtIIbtAXDkVQK/a1DwSi70pp69fh4vpO2BbINxPSg=="
    },
    "intl-messageformat": {
      "version": "7.8.4",
      "resolved": "https://registry.npmjs.org/intl-messageformat/-/intl-messageformat-7.8.4.tgz",
      "integrity": "sha512-yS0cLESCKCYjseCOGXuV4pxJm/buTfyCJ1nzQjryHmSehlptbZbn9fnlk1I9peLopZGGbjj46yHHiTAEZ1qOTA==",
      "requires": {
        "intl-format-cache": "^4.2.21",
        "intl-messageformat-parser": "^3.6.4"
      }
    },
    "intl-messageformat-parser": {
      "version": "3.6.4",
      "resolved": "https://registry.npmjs.org/intl-messageformat-parser/-/intl-messageformat-parser-3.6.4.tgz",
      "integrity": "sha512-RgPGwue0mJtoX2Ax8EmMzJzttxjnva7gx0Q7mKJ4oALrTZvtmCeAw5Msz2PcjW4dtCh/h7vN/8GJCxZO1uv+OA==",
      "requires": {
        "@formatjs/intl-unified-numberformat": "^3.2.0"
      }
    },
    "react-intl": {
      "version": "3.12.1",
      "resolved": "https://registry.npmjs.org/react-intl/-/react-intl-3.12.1.tgz",
      "integrity": "sha512-cgumW29mwROIqyp8NXStYsoIm27+8FqnxykiLSawWjOxGIBeLuN/+p2srei5SRIumcJefOkOIHP+NDck05RgHg==",
      "requires": {
        "@formatjs/intl-displaynames": "^1.2.0",
        "@formatjs/intl-listformat": "^1.4.1",
        "@formatjs/intl-relativetimeformat": "^4.5.9",
        "@formatjs/intl-unified-numberformat": "^3.2.0",
        "@formatjs/intl-utils": "^2.2.0",
        "@types/hoist-non-react-statics": "^3.3.1",
        "@types/invariant": "^2.2.31",
        "hoist-non-react-statics": "^3.3.2",
        "intl-format-cache": "^4.2.21",
        "intl-messageformat": "^7.8.4",
        "intl-messageformat-parser": "^3.6.4",
        "shallow-equal": "^1.2.1"
      }
    },
    "react-is": {
      "version": "16.13.1",
      "resolved": "https://registry.npmjs.org/react-is/-/react-is-16.13.1.tgz",
      "integrity": "sha512-24e6ynE2H+OKt4kqsOvNd8kBpV65zoxbA4BVsEOB3ARVWQki/DHzaUoC5KuON/BiccDaCCTZBuOcfZs70kR8bQ=="
    },
    "regenerator-runtime": {
      "version": "0.13.5",
      "resolved": "https://registry.npmjs.org/regenerator-runtime/-/regenerator-runtime-0.13.5.tgz",
      "integrity": "sha512-ZS5w8CpKFinUzOwW3c83oPeVXoNsrLsaCoLtJvAClH135j/R77RuymhiSErhm2lKcwSCIpmvIWSbDkIfAqKQlA=="
    },
    "shallow-equal": {
      "version": "1.2.1",
      "resolved": "https://registry.npmjs.org/shallow-equal/-/shallow-equal-1.2.1.tgz",
      "integrity": "sha512-S4vJDjHHMBaiZuT9NPb616CSmLf618jawtv3sufLl6ivK8WocjAo58cXwbRV1cgqxH0Qbv+iUt6m05eqEa2IRA=="
    }
  }
}
